// !$*UTF8*$!
{
	archiveVersion = 1;
	classes = {
	};
	objectVersion = 48;
	objects = {

/* Begin PBXBuildFile section */
		B3C99A2305364E3718CB8ADA /* Pods_YellowStorm.framework in Frameworks */ = {isa = PBXBuildFile; fileRef = 167640FFD789885C17609A9C /* Pods_YellowStorm.framework */; };
		EB142A2D20BB6F07009032F8 /* GoogleService-Info.plist in Resources */ = {isa = PBXBuildFile; fileRef = EB142A2C20BB6F07009032F8 /* GoogleService-Info.plist */; };
		EB3CFE7C20BC9483000169AB /* DataService.swift in Sources */ = {isa = PBXBuildFile; fileRef = EB3CFE7B20BC9483000169AB /* DataService.swift */; };
		EB54742820BAB51400E73F2C /* LoginVC.swift in Sources */ = {isa = PBXBuildFile; fileRef = EB54742720BAB51400E73F2C /* LoginVC.swift */; };
		EB54742A20BAB59300E73F2C /* RoundedCornerTextField.swift in Sources */ = {isa = PBXBuildFile; fileRef = EB54742920BAB59300E73F2C /* RoundedCornerTextField.swift */; };
		EB54742C20BAB5E600E73F2C /* Alertable.swift in Sources */ = {isa = PBXBuildFile; fileRef = EB54742B20BAB5E600E73F2C /* Alertable.swift */; };
		EB73F207205E905F00992638 /* GradientView.swift in Sources */ = {isa = PBXBuildFile; fileRef = EB73F206205E905F00992638 /* GradientView.swift */; };
		EB73F209205E9E4F00992638 /* RoundImageView.swift in Sources */ = {isa = PBXBuildFile; fileRef = EB73F208205E9E4F00992638 /* RoundImageView.swift */; };
		EB73F20B205EAC0900992638 /* RoundedShadowView.swift in Sources */ = {isa = PBXBuildFile; fileRef = EB73F20A205EAC0900992638 /* RoundedShadowView.swift */; };
		EB73F20D205EB7BE00992638 /* CircleView.swift in Sources */ = {isa = PBXBuildFile; fileRef = EB73F20C205EB7BE00992638 /* CircleView.swift */; };
		EB73F20F205EC82E00992638 /* RoundedShadowButton.swift in Sources */ = {isa = PBXBuildFile; fileRef = EB73F20E205EC82E00992638 /* RoundedShadowButton.swift */; };
		EB73F213205EDC5A00992638 /* UIViewControllerExt.swift in Sources */ = {isa = PBXBuildFile; fileRef = EB73F211205EDC5A00992638 /* UIViewControllerExt.swift */; };
		EB73F214205EDC5A00992638 /* UIViewExt.swift in Sources */ = {isa = PBXBuildFile; fileRef = EB73F212205EDC5A00992638 /* UIViewExt.swift */; };
		EBAE1F14205EFC7600E14238 /* LeftSidePanelVC.swift in Sources */ = {isa = PBXBuildFile; fileRef = EBAE1F13205EFC7600E14238 /* LeftSidePanelVC.swift */; };
		EBAE1F16205F049300E14238 /* ContainerVC.swift in Sources */ = {isa = PBXBuildFile; fileRef = EBAE1F15205F049300E14238 /* ContainerVC.swift */; };
		EBAE1F18205F050000E14238 /* Constants.swift in Sources */ = {isa = PBXBuildFile; fileRef = EBAE1F17205F050000E14238 /* Constants.swift */; };
		EBAE1F1B205F0DB700E14238 /* CenterVCDelegate.swift in Sources */ = {isa = PBXBuildFile; fileRef = EBAE1F1A205F0DB700E14238 /* CenterVCDelegate.swift */; };
		EBBE63CC205D456B00612B94 /* AppDelegate.swift in Sources */ = {isa = PBXBuildFile; fileRef = EBBE63CB205D456B00612B94 /* AppDelegate.swift */; };
		EBBE63CE205D456B00612B94 /* HomeVC.swift in Sources */ = {isa = PBXBuildFile; fileRef = EBBE63CD205D456B00612B94 /* HomeVC.swift */; };
		EBBE63D1205D456B00612B94 /* Main.storyboard in Resources */ = {isa = PBXBuildFile; fileRef = EBBE63CF205D456B00612B94 /* Main.storyboard */; };
		EBBE63D3205D456B00612B94 /* Assets.xcassets in Resources */ = {isa = PBXBuildFile; fileRef = EBBE63D2205D456B00612B94 /* Assets.xcassets */; };
		EBBE63D6205D456B00612B94 /* LaunchScreen.storyboard in Resources */ = {isa = PBXBuildFile; fileRef = EBBE63D4205D456B00612B94 /* LaunchScreen.storyboard */; };
/* End PBXBuildFile section */

/* Begin PBXFileReference section */
		167640FFD789885C17609A9C /* Pods_YellowStorm.framework */ = {isa = PBXFileReference; explicitFileType = wrapper.framework; includeInIndex = 0; path = Pods_YellowStorm.framework; sourceTree = BUILT_PRODUCTS_DIR; };
		5B5BC2698F2B1EFD903C6B8D /* Pods-YellowStorm.release.xcconfig */ = {isa = PBXFileReference; includeInIndex = 1; lastKnownFileType = text.xcconfig; name = "Pods-YellowStorm.release.xcconfig"; path = "Pods/Target Support Files/Pods-YellowStorm/Pods-YellowStorm.release.xcconfig"; sourceTree = "<group>"; };
		80CBD89B192CB22DECA76722 /* Pods-YellowStorm.debug.xcconfig */ = {isa = PBXFileReference; includeInIndex = 1; lastKnownFileType = text.xcconfig; name = "Pods-YellowStorm.debug.xcconfig"; path = "Pods/Target Support Files/Pods-YellowStorm/Pods-YellowStorm.debug.xcconfig"; sourceTree = "<group>"; };
		EB142A2C20BB6F07009032F8 /* GoogleService-Info.plist */ = {isa = PBXFileReference; fileEncoding = 4; lastKnownFileType = text.plist.xml; path = "GoogleService-Info.plist"; sourceTree = "<group>"; };
		EB3CFE7B20BC9483000169AB /* DataService.swift */ = {isa = PBXFileReference; fileEncoding = 4; lastKnownFileType = sourcecode.swift; path = DataService.swift; sourceTree = "<group>"; };
		EB54742720BAB51400E73F2C /* LoginVC.swift */ = {isa = PBXFileReference; lastKnownFileType = sourcecode.swift; path = LoginVC.swift; sourceTree = "<group>"; };
		EB54742920BAB59300E73F2C /* RoundedCornerTextField.swift */ = {isa = PBXFileReference; lastKnownFileType = sourcecode.swift; path = RoundedCornerTextField.swift; sourceTree = "<group>"; };
		EB54742B20BAB5E600E73F2C /* Alertable.swift */ = {isa = PBXFileReference; lastKnownFileType = sourcecode.swift; path = Alertable.swift; sourceTree = "<group>"; };
		EB73F206205E905F00992638 /* GradientView.swift */ = {isa = PBXFileReference; lastKnownFileType = sourcecode.swift; path = GradientView.swift; sourceTree = "<group>"; };
		EB73F208205E9E4F00992638 /* RoundImageView.swift */ = {isa = PBXFileReference; fileEncoding = 4; lastKnownFileType = sourcecode.swift; path = RoundImageView.swift; sourceTree = "<group>"; };
		EB73F20A205EAC0900992638 /* RoundedShadowView.swift */ = {isa = PBXFileReference; fileEncoding = 4; lastKnownFileType = sourcecode.swift; path = RoundedShadowView.swift; sourceTree = "<group>"; };
		EB73F20C205EB7BE00992638 /* CircleView.swift */ = {isa = PBXFileReference; fileEncoding = 4; lastKnownFileType = sourcecode.swift; path = CircleView.swift; sourceTree = "<group>"; };
		EB73F20E205EC82E00992638 /* RoundedShadowButton.swift */ = {isa = PBXFileReference; fileEncoding = 4; lastKnownFileType = sourcecode.swift; path = RoundedShadowButton.swift; sourceTree = "<group>"; };
		EB73F211205EDC5A00992638 /* UIViewControllerExt.swift */ = {isa = PBXFileReference; fileEncoding = 4; lastKnownFileType = sourcecode.swift; path = UIViewControllerExt.swift; sourceTree = "<group>"; };
		EB73F212205EDC5A00992638 /* UIViewExt.swift */ = {isa = PBXFileReference; fileEncoding = 4; lastKnownFileType = sourcecode.swift; path = UIViewExt.swift; sourceTree = "<group>"; };
		EBAE1F13205EFC7600E14238 /* LeftSidePanelVC.swift */ = {isa = PBXFileReference; lastKnownFileType = sourcecode.swift; path = LeftSidePanelVC.swift; sourceTree = "<group>"; };
		EBAE1F15205F049300E14238 /* ContainerVC.swift */ = {isa = PBXFileReference; lastKnownFileType = sourcecode.swift; path = ContainerVC.swift; sourceTree = "<group>"; };
		EBAE1F17205F050000E14238 /* Constants.swift */ = {isa = PBXFileReference; fileEncoding = 4; lastKnownFileType = sourcecode.swift; path = Constants.swift; sourceTree = "<group>"; };
		EBAE1F1A205F0DB700E14238 /* CenterVCDelegate.swift */ = {isa = PBXFileReference; fileEncoding = 4; lastKnownFileType = sourcecode.swift; path = CenterVCDelegate.swift; sourceTree = "<group>"; };
		EBBE63C8205D456B00612B94 /* YellowStorm.app */ = {isa = PBXFileReference; explicitFileType = wrapper.application; includeInIndex = 0; path = YellowStorm.app; sourceTree = BUILT_PRODUCTS_DIR; };
		EBBE63CB205D456B00612B94 /* AppDelegate.swift */ = {isa = PBXFileReference; lastKnownFileType = sourcecode.swift; path = AppDelegate.swift; sourceTree = "<group>"; };
		EBBE63CD205D456B00612B94 /* HomeVC.swift */ = {isa = PBXFileReference; lastKnownFileType = sourcecode.swift; path = HomeVC.swift; sourceTree = "<group>"; };
		EBBE63D0205D456B00612B94 /* Base */ = {isa = PBXFileReference; lastKnownFileType = file.storyboard; name = Base; path = Base.lproj/Main.storyboard; sourceTree = "<group>"; };
		EBBE63D2205D456B00612B94 /* Assets.xcassets */ = {isa = PBXFileReference; lastKnownFileType = folder.assetcatalog; path = Assets.xcassets; sourceTree = "<group>"; };
		EBBE63D5205D456B00612B94 /* Base */ = {isa = PBXFileReference; lastKnownFileType = file.storyboard; name = Base; path = Base.lproj/LaunchScreen.storyboard; sourceTree = "<group>"; };
		EBBE63D7205D456B00612B94 /* Info.plist */ = {isa = PBXFileReference; lastKnownFileType = text.plist.xml; path = Info.plist; sourceTree = "<group>"; };
/* End PBXFileReference section */

/* Begin PBXFrameworksBuildPhase section */
		EBBE63C5205D456B00612B94 /* Frameworks */ = {
			isa = PBXFrameworksBuildPhase;
			buildActionMask = 2147483647;
			files = (
				B3C99A2305364E3718CB8ADA /* Pods_YellowStorm.framework in Frameworks */,
			);
			runOnlyForDeploymentPostprocessing = 0;
		};
/* End PBXFrameworksBuildPhase section */

/* Begin PBXGroup section */
		0CD48A977FEF60091F9093A9 /* Pods */ = {
			isa = PBXGroup;
			children = (
				80CBD89B192CB22DECA76722 /* Pods-YellowStorm.debug.xcconfig */,
				5B5BC2698F2B1EFD903C6B8D /* Pods-YellowStorm.release.xcconfig */,
			);
			name = Pods;
			sourceTree = "<group>";
		};
		73F5D5B813E766A30E69A1E0 /* Frameworks */ = {
			isa = PBXGroup;
			children = (
				167640FFD789885C17609A9C /* Pods_YellowStorm.framework */,
			);
			name = Frameworks;
			sourceTree = "<group>";
		};
		EB3CFE7A20BC946E000169AB /* Services */ = {
			isa = PBXGroup;
			children = (
				EB3CFE7B20BC9483000169AB /* DataService.swift */,
			);
			path = Services;
			sourceTree = "<group>";
		};
		EB73F203205E8CF100992638 /* Controller */ = {
			isa = PBXGroup;
			children = (
				EBBE63CD205D456B00612B94 /* HomeVC.swift */,
				EBAE1F13205EFC7600E14238 /* LeftSidePanelVC.swift */,
				EBAE1F15205F049300E14238 /* ContainerVC.swift */,
				EB54742720BAB51400E73F2C /* LoginVC.swift */,
			);
			path = Controller;
			sourceTree = "<group>";
		};
		EB73F204205E8CFB00992638 /* View */ = {
			isa = PBXGroup;
			children = (
				EB73F20E205EC82E00992638 /* RoundedShadowButton.swift */,
				EB73F20C205EB7BE00992638 /* CircleView.swift */,
				EB73F20A205EAC0900992638 /* RoundedShadowView.swift */,
				EB73F208205E9E4F00992638 /* RoundImageView.swift */,
				EB73F206205E905F00992638 /* GradientView.swift */,
				EB54742920BAB59300E73F2C /* RoundedCornerTextField.swift */,
			);
			path = View;
			sourceTree = "<group>";
		};
		EB73F205205E8D0000992638 /* Model */ = {
			isa = PBXGroup;
			children = (
			);
			path = Model;
			sourceTree = "<group>";
		};
		EB73F210205EDC4E00992638 /* Extension */ = {
			isa = PBXGroup;
			children = (
				EB73F211205EDC5A00992638 /* UIViewControllerExt.swift */,
				EB73F212205EDC5A00992638 /* UIViewExt.swift */,
			);
			path = Extension;
			sourceTree = "<group>";
		};
		EBAE1F19205F0DA700E14238 /* Protocol */ = {
			isa = PBXGroup;
			children = (
				EBAE1F1A205F0DB700E14238 /* CenterVCDelegate.swift */,
				EB54742B20BAB5E600E73F2C /* Alertable.swift */,
			);
			path = Protocol;
			sourceTree = "<group>";
		};
		EBBE63BF205D456B00612B94 = {
			isa = PBXGroup;
			children = (
				EBBE63CA205D456B00612B94 /* YellowStorm */,
				EBBE63C9205D456B00612B94 /* Products */,
				0CD48A977FEF60091F9093A9 /* Pods */,
				73F5D5B813E766A30E69A1E0 /* Frameworks */,
			);
			sourceTree = "<group>";
		};
		EBBE63C9205D456B00612B94 /* Products */ = {
			isa = PBXGroup;
			children = (
				EBBE63C8205D456B00612B94 /* YellowStorm.app */,
			);
			name = Products;
			sourceTree = "<group>";
		};
		EBBE63CA205D456B00612B94 /* YellowStorm */ = {
			isa = PBXGroup;
			children = (
				EB3CFE7A20BC946E000169AB /* Services */,
				EBAE1F19205F0DA700E14238 /* Protocol */,
				EBAE1F17205F050000E14238 /* Constants.swift */,
				EB73F210205EDC4E00992638 /* Extension */,
				EB73F205205E8D0000992638 /* Model */,
				EB73F204205E8CFB00992638 /* View */,
				EB73F203205E8CF100992638 /* Controller */,
				EBBE63CB205D456B00612B94 /* AppDelegate.swift */,
				EBBE63CF205D456B00612B94 /* Main.storyboard */,
				EBBE63D2205D456B00612B94 /* Assets.xcassets */,
				EBBE63D4205D456B00612B94 /* LaunchScreen.storyboard */,
				EBBE63D7205D456B00612B94 /* Info.plist */,
				EB142A2C20BB6F07009032F8 /* GoogleService-Info.plist */,
			);
			path = YellowStorm;
			sourceTree = "<group>";
		};
/* End PBXGroup section */

/* Begin PBXNativeTarget section */
		EBBE63C7205D456B00612B94 /* YellowStorm */ = {
			isa = PBXNativeTarget;
			buildConfigurationList = EBBE63DA205D456B00612B94 /* Build configuration list for PBXNativeTarget "YellowStorm" */;
			buildPhases = (
				B4D0B895AFFD082D440BFB33 /* [CP] Check Pods Manifest.lock */,
				EBBE63C4205D456B00612B94 /* Sources */,
				EBBE63C5205D456B00612B94 /* Frameworks */,
				EBBE63C6205D456B00612B94 /* Resources */,
				B25542E9BBA978C08D5A858B /* [CP] Embed Pods Frameworks */,
				9BDBE9FD7007E72B840D282D /* [CP] Copy Pods Resources */,
			);
			buildRules = (
			);
			dependencies = (
			);
			name = YellowStorm;
			productName = YellowStorm;
			productReference = EBBE63C8205D456B00612B94 /* YellowStorm.app */;
			productType = "com.apple.product-type.application";
		};
/* End PBXNativeTarget section */

/* Begin PBXProject section */
		EBBE63C0205D456B00612B94 /* Project object */ = {
			isa = PBXProject;
			attributes = {
				LastSwiftUpdateCheck = 0920;
				LastUpgradeCheck = 0930;
				ORGANIZATIONNAME = "Faruk Yavuz";
				TargetAttributes = {
					EBBE63C7205D456B00612B94 = {
						CreatedOnToolsVersion = 9.2;
						ProvisioningStyle = Automatic;
					};
				};
			};
			buildConfigurationList = EBBE63C3205D456B00612B94 /* Build configuration list for PBXProject "YellowStorm" */;
			compatibilityVersion = "Xcode 8.0";
			developmentRegion = en;
			hasScannedForEncodings = 0;
			knownRegions = (
				en,
				Base,
			);
			mainGroup = EBBE63BF205D456B00612B94;
			productRefGroup = EBBE63C9205D456B00612B94 /* Products */;
			projectDirPath = "";
			projectRoot = "";
			targets = (
				EBBE63C7205D456B00612B94 /* YellowStorm */,
			);
		};
/* End PBXProject section */

/* Begin PBXResourcesBuildPhase section */
		EBBE63C6205D456B00612B94 /* Resources */ = {
			isa = PBXResourcesBuildPhase;
			buildActionMask = 2147483647;
			files = (
				EBBE63D6205D456B00612B94 /* LaunchScreen.storyboard in Resources */,
				EB142A2D20BB6F07009032F8 /* GoogleService-Info.plist in Resources */,
				EBBE63D3205D456B00612B94 /* Assets.xcassets in Resources */,
				EBBE63D1205D456B00612B94 /* Main.storyboard in Resources */,
			);
			runOnlyForDeploymentPostprocessing = 0;
		};
/* End PBXResourcesBuildPhase section */

/* Begin PBXShellScriptBuildPhase section */
		9BDBE9FD7007E72B840D282D /* [CP] Copy Pods Resources */ = {
			isa = PBXShellScriptBuildPhase;
			buildActionMask = 2147483647;
			files = (
			);
			inputPaths = (
			);
			name = "[CP] Copy Pods Resources";
			outputPaths = (
			);
			runOnlyForDeploymentPostprocessing = 0;
			shellPath = /bin/sh;
			shellScript = "\"${SRCROOT}/Pods/Target Support Files/Pods-YellowStorm/Pods-YellowStorm-resources.sh\"\n";
			showEnvVarsInLog = 0;
		};
		B25542E9BBA978C08D5A858B /* [CP] Embed Pods Frameworks */ = {
			isa = PBXShellScriptBuildPhase;
			buildActionMask = 2147483647;
			files = (
			);
			inputPaths = (
				"${SRCROOT}/Pods/Target Support Files/Pods-YellowStorm/Pods-YellowStorm-frameworks.sh",
				"${BUILT_PRODUCTS_DIR}/GTMSessionFetcher/GTMSessionFetcher.framework",
				"${BUILT_PRODUCTS_DIR}/GoogleToolboxForMac/GoogleToolboxForMac.framework",
				"${BUILT_PRODUCTS_DIR}/RevealingSplashView/RevealingSplashView.framework",
				"${BUILT_PRODUCTS_DIR}/leveldb-library/leveldb.framework",
				"${BUILT_PRODUCTS_DIR}/nanopb/nanopb.framework",
			);
			name = "[CP] Embed Pods Frameworks";
			outputPaths = (
				"${TARGET_BUILD_DIR}/${FRAMEWORKS_FOLDER_PATH}/GTMSessionFetcher.framework",
				"${TARGET_BUILD_DIR}/${FRAMEWORKS_FOLDER_PATH}/GoogleToolboxForMac.framework",
				"${TARGET_BUILD_DIR}/${FRAMEWORKS_FOLDER_PATH}/RevealingSplashView.framework",
				"${TARGET_BUILD_DIR}/${FRAMEWORKS_FOLDER_PATH}/leveldb.framework",
				"${TARGET_BUILD_DIR}/${FRAMEWORKS_FOLDER_PATH}/nanopb.framework",
			);
			runOnlyForDeploymentPostprocessing = 0;
			shellPath = /bin/sh;
			shellScript = "\"${SRCROOT}/Pods/Target Support Files/Pods-YellowStorm/Pods-YellowStorm-frameworks.sh\"\n";
			showEnvVarsInLog = 0;
		};
		B4D0B895AFFD082D440BFB33 /* [CP] Check Pods Manifest.lock */ = {
			isa = PBXShellScriptBuildPhase;
			buildActionMask = 2147483647;
			files = (
			);
			inputPaths = (
				"${PODS_PODFILE_DIR_PATH}/Podfile.lock",
				"${PODS_ROOT}/Manifest.lock",
			);
			name = "[CP] Check Pods Manifest.lock";
			outputPaths = (
				"$(DERIVED_FILE_DIR)/Pods-YellowStorm-checkManifestLockResult.txt",
			);
			runOnlyForDeploymentPostprocessing = 0;
			shellPath = /bin/sh;
			shellScript = "diff \"${PODS_PODFILE_DIR_PATH}/Podfile.lock\" \"${PODS_ROOT}/Manifest.lock\" > /dev/null\nif [ $? != 0 ] ; then\n    # print error to STDERR\n    echo \"error: The sandbox is not in sync with the Podfile.lock. Run 'pod install' or update your CocoaPods installation.\" >&2\n    exit 1\nfi\n# This output is used by Xcode 'outputs' to avoid re-running this script phase.\necho \"SUCCESS\" > \"${SCRIPT_OUTPUT_FILE_0}\"\n";
			showEnvVarsInLog = 0;
		};
/* End PBXShellScriptBuildPhase section */

/* Begin PBXSourcesBuildPhase section */
		EBBE63C4205D456B00612B94 /* Sources */ = {
			isa = PBXSourcesBuildPhase;
			buildActionMask = 2147483647;
			files = (
				EB73F214205EDC5A00992638 /* UIViewExt.swift in Sources */,
				EB73F20F205EC82E00992638 /* RoundedShadowButton.swift in Sources */,
				EB54742820BAB51400E73F2C /* LoginVC.swift in Sources */,
				EB73F20D205EB7BE00992638 /* CircleView.swift in Sources */,
				EB73F213205EDC5A00992638 /* UIViewControllerExt.swift in Sources */,
				EBBE63CE205D456B00612B94 /* HomeVC.swift in Sources */,
				EB54742C20BAB5E600E73F2C /* Alertable.swift in Sources */,
				EB73F209205E9E4F00992638 /* RoundImageView.swift in Sources */,
				EB73F20B205EAC0900992638 /* RoundedShadowView.swift in Sources */,
				EB54742A20BAB59300E73F2C /* RoundedCornerTextField.swift in Sources */,
				EBBE63CC205D456B00612B94 /* AppDelegate.swift in Sources */,
				EB73F207205E905F00992638 /* GradientView.swift in Sources */,
				EBAE1F14205EFC7600E14238 /* LeftSidePanelVC.swift in Sources */,
				EBAE1F16205F049300E14238 /* ContainerVC.swift in Sources */,
				EBAE1F1B205F0DB700E14238 /* CenterVCDelegate.swift in Sources */,
				EBAE1F18205F050000E14238 /* Constants.swift in Sources */,
				EB3CFE7C20BC9483000169AB /* DataService.swift in Sources */,
			);
			runOnlyForDeploymentPostprocessing = 0;
		};
/* End PBXSourcesBuildPhase section */

/* Begin PBXVariantGroup section */
		EBBE63CF205D456B00612B94 /* Main.storyboard */ = {
			isa = PBXVariantGroup;
			children = (
				EBBE63D0205D456B00612B94 /* Base */,
			);
			name = Main.storyboard;
			sourceTree = "<group>";
		};
		EBBE63D4205D456B00612B94 /* LaunchScreen.storyboard */ = {
			isa = PBXVariantGroup;
			children = (
				EBBE63D5205D456B00612B94 /* Base */,
			);
			name = LaunchScreen.storyboard;
			sourceTree = "<group>";
		};
/* End PBXVariantGroup section */

/* Begin XCBuildConfiguration section */
		EBBE63D8205D456B00612B94 /* Debug */ = {
			isa = XCBuildConfiguration;
			buildSettings = {
				ALWAYS_SEARCH_USER_PATHS = NO;
				CLANG_ANALYZER_NONNULL = YES;
				CLANG_ANALYZER_NUMBER_OBJECT_CONVERSION = YES_AGGRESSIVE;
				CLANG_CXX_LANGUAGE_STANDARD = "gnu++14";
				CLANG_CXX_LIBRARY = "libc++";
				CLANG_ENABLE_MODULES = YES;
				CLANG_ENABLE_OBJC_ARC = YES;
				CLANG_WARN_BLOCK_CAPTURE_AUTORELEASING = YES;
				CLANG_WARN_BOOL_CONVERSION = YES;
				CLANG_WARN_COMMA = YES;
				CLANG_WARN_CONSTANT_CONVERSION = YES;
				CLANG_WARN_DEPRECATED_OBJC_IMPLEMENTATIONS = YES;
				CLANG_WARN_DIRECT_OBJC_ISA_USAGE = YES_ERROR;
				CLANG_WARN_DOCUMENTATION_COMMENTS = YES;
				CLANG_WARN_EMPTY_BODY = YES;
				CLANG_WARN_ENUM_CONVERSION = YES;
				CLANG_WARN_INFINITE_RECURSION = YES;
				CLANG_WARN_INT_CONVERSION = YES;
				CLANG_WARN_NON_LITERAL_NULL_CONVERSION = YES;
				CLANG_WARN_OBJC_IMPLICIT_RETAIN_SELF = YES;
				CLANG_WARN_OBJC_LITERAL_CONVERSION = YES;
				CLANG_WARN_OBJC_ROOT_CLASS = YES_ERROR;
				CLANG_WARN_RANGE_LOOP_ANALYSIS = YES;
				CLANG_WARN_STRICT_PROTOTYPES = YES;
				CLANG_WARN_SUSPICIOUS_MOVE = YES;
				CLANG_WARN_UNGUARDED_AVAILABILITY = YES_AGGRESSIVE;
				CLANG_WARN_UNREACHABLE_CODE = YES;
				CLANG_WARN__DUPLICATE_METHOD_MATCH = YES;
				CODE_SIGN_IDENTITY = "iPhone Developer";
				COPY_PHASE_STRIP = NO;
				DEBUG_INFORMATION_FORMAT = dwarf;
				ENABLE_STRICT_OBJC_MSGSEND = YES;
				ENABLE_TESTABILITY = YES;
				GCC_C_LANGUAGE_STANDARD = gnu11;
				GCC_DYNAMIC_NO_PIC = NO;
				GCC_NO_COMMON_BLOCKS = YES;
				GCC_OPTIMIZATION_LEVEL = 0;
				GCC_PREPROCESSOR_DEFINITIONS = (
					"DEBUG=1",
					"$(inherited)",
				);
				GCC_WARN_64_TO_32_BIT_CONVERSION = YES;
				GCC_WARN_ABOUT_RETURN_TYPE = YES_ERROR;
				GCC_WARN_UNDECLARED_SELECTOR = YES;
				GCC_WARN_UNINITIALIZED_AUTOS = YES_AGGRESSIVE;
				GCC_WARN_UNUSED_FUNCTION = YES;
				GCC_WARN_UNUSED_VARIABLE = YES;
				IPHONEOS_DEPLOYMENT_TARGET = 10.3;
				MTL_ENABLE_DEBUG_INFO = YES;
				ONLY_ACTIVE_ARCH = YES;
				SDKROOT = iphoneos;
				SWIFT_ACTIVE_COMPILATION_CONDITIONS = DEBUG;
				SWIFT_OPTIMIZATION_LEVEL = "-Onone";
			};
			name = Debug;
		};
		EBBE63D9205D456B00612B94 /* Release */ = {
			isa = XCBuildConfiguration;
			buildSettings = {
				ALWAYS_SEARCH_USER_PATHS = NO;
				CLANG_ANALYZER_NONNULL = YES;
				CLANG_ANALYZER_NUMBER_OBJECT_CONVERSION = YES_AGGRESSIVE;
				CLANG_CXX_LANGUAGE_STANDARD = "gnu++14";
				CLANG_CXX_LIBRARY = "libc++";
				CLANG_ENABLE_MODULES = YES;
				CLANG_ENABLE_OBJC_ARC = YES;
				CLANG_WARN_BLOCK_CAPTURE_AUTORELEASING = YES;
				CLANG_WARN_BOOL_CONVERSION = YES;
				CLANG_WARN_COMMA = YES;
				CLANG_WARN_CONSTANT_CONVERSION = YES;
				CLANG_WARN_DEPRECATED_OBJC_IMPLEMENTATIONS = YES;
				CLANG_WARN_DIRECT_OBJC_ISA_USAGE = YES_ERROR;
				CLANG_WARN_DOCUMENTATION_COMMENTS = YES;
				CLANG_WARN_EMPTY_BODY = YES;
				CLANG_WARN_ENUM_CONVERSION = YES;
				CLANG_WARN_INFINITE_RECURSION = YES;
				CLANG_WARN_INT_CONVERSION = YES;
				CLANG_WARN_NON_LITERAL_NULL_CONVERSION = YES;
				CLANG_WARN_OBJC_IMPLICIT_RETAIN_SELF = YES;
				CLANG_WARN_OBJC_LITERAL_CONVERSION = YES;
				CLANG_WARN_OBJC_ROOT_CLASS = YES_ERROR;
				CLANG_WARN_RANGE_LOOP_ANALYSIS = YES;
				CLANG_WARN_STRICT_PROTOTYPES = YES;
				CLANG_WARN_SUSPICIOUS_MOVE = YES;
				CLANG_WARN_UNGUARDED_AVAILABILITY = YES_AGGRESSIVE;
				CLANG_WARN_UNREACHABLE_CODE = YES;
				CLANG_WARN__DUPLICATE_METHOD_MATCH = YES;
				CODE_SIGN_IDENTITY = "iPhone Developer";
				COPY_PHASE_STRIP = NO;
				DEBUG_INFORMATION_FORMAT = "dwarf-with-dsym";
				ENABLE_NS_ASSERTIONS = NO;
				ENABLE_STRICT_OBJC_MSGSEND = YES;
				GCC_C_LANGUAGE_STANDARD = gnu11;
				GCC_NO_COMMON_BLOCKS = YES;
				GCC_WARN_64_TO_32_BIT_CONVERSION = YES;
				GCC_WARN_ABOUT_RETURN_TYPE = YES_ERROR;
				GCC_WARN_UNDECLARED_SELECTOR = YES;
				GCC_WARN_UNINITIALIZED_AUTOS = YES_AGGRESSIVE;
				GCC_WARN_UNUSED_FUNCTION = YES;
				GCC_WARN_UNUSED_VARIABLE = YES;
				IPHONEOS_DEPLOYMENT_TARGET = 10.3;
				MTL_ENABLE_DEBUG_INFO = NO;
				SDKROOT = iphoneos;
				SWIFT_OPTIMIZATION_LEVEL = "-Owholemodule";
				VALIDATE_PRODUCT = YES;
			};
			name = Release;
		};
		EBBE63DB205D456B00612B94 /* Debug */ = {
			isa = XCBuildConfiguration;
			baseConfigurationReference = 80CBD89B192CB22DECA76722 /* Pods-YellowStorm.debug.xcconfig */;
			buildSettings = {
				ASSETCATALOG_COMPILER_APPICON_NAME = AppIcon;
				CODE_SIGN_STYLE = Automatic;
				DEVELOPMENT_TEAM = TC7KWC68P6;
				INFOPLIST_FILE = YellowStorm/Info.plist;
				LD_RUNPATH_SEARCH_PATHS = "$(inherited) @executable_path/Frameworks";
				PRODUCT_BUNDLE_IDENTIFIER = org.faruk.YellowStorm;
				PRODUCT_NAME = "$(TARGET_NAME)";
				SWIFT_VERSION = 4.0;
				TARGETED_DEVICE_FAMILY = "1,2";
			};
			name = Debug;
		};
		EBBE63DC205D456B00612B94 /* Release */ = {
			isa = XCBuildConfiguration;
			baseConfigurationReference = 5B5BC2698F2B1EFD903C6B8D /* Pods-YellowStorm.release.xcconfig */;
			buildSettings = {
				ASSETCATALOG_COMPILER_APPICON_NAME = AppIcon;
				CODE_SIGN_STYLE = Automatic;
				DEVELOPMENT_TEAM = TC7KWC68P6;
				INFOPLIST_FILE = YellowStorm/Info.plist;
				LD_RUNPATH_SEARCH_PATHS = "$(inherited) @executable_path/Frameworks";
				PRODUCT_BUNDLE_IDENTIFIER = org.faruk.YellowStorm;
				PRODUCT_NAME = "$(TARGET_NAME)";
				SWIFT_VERSION = 4.0;
				TARGETED_DEVICE_FAMILY = "1,2";
			};
			name = Release;
		};
/* End XCBuildConfiguration section */

/* Begin XCConfigurationList section */
		EBBE63C3205D456B00612B94 /* Build configuration list for PBXProject "YellowStorm" */ = {
			isa = XCConfigurationList;
			buildConfigurations = (
				EBBE63D8205D456B00612B94 /* Debug */,
				EBBE63D9205D456B00612B94 /* Release */,
			);
			defaultConfigurationIsVisible = 0;
			defaultConfigurationName = Release;
		};
		EBBE63DA205D456B00612B94 /* Build configuration list for PBXNativeTarget "YellowStorm" */ = {
			isa = XCConfigurationList;
			buildConfigurations = (
				EBBE63DB205D456B00612B94 /* Debug */,
				EBBE63DC205D456B00612B94 /* Release */,
			);
			defaultConfigurationIsVisible = 0;
			defaultConfigurationName = Release;
		};
/* End XCConfigurationList section */
	};
	rootObject = EBBE63C0205D456B00612B94 /* Project object */;
}
